
Microsoft Visual Studio Solution File, Format Version 12.00
# Visual Studio Version 17
VisualStudioVersion = 17.4.33110.190
MinimumVisualStudioVersion = 10.0.40219.1
Project("{FAE04EC0-301F-11D3-BF4B-00C04F79EFBC}") = "courses-page-react-aspnet", "courses-page-react-aspnet\courses-page-react-aspnet.csproj", "{1634F745-E136-4BF2-BF5E-3DF1F3C5B113}"
EndProject
Global
	GlobalSection(SolutionConfigurationPlatforms) = preSolution
		Debug|Any CPU = Debug|Any CPU
		Release|Any CPU = Release|Any CPU
	EndGlobalSection
	GlobalSection(ProjectConfigurationPlatforms) = postSolution
		{1634F745-E136-4BF2-BF5E-3DF1F3C5B113}.Debug|Any CPU.ActiveCfg = Debug|Any CPU
		{1634F745-E136-4BF2-BF5E-3DF1F3C5B113}.Debug|Any CPU.Build.0 = Debug|Any CPU
		{1634F745-E136-4BF2-BF5E-3DF1F3C5B113}.Release|Any CPU.ActiveCfg = Release|Any CPU
		{1634F745-E136-4BF2-BF5E-3DF1F3C5B113}.Release|Any CPU.Build.0 = Release|Any CPU
	EndGlobalSection
	GlobalSection(SolutionProperties) = preSolution
		HideSolutionNode = FALSE
	EndGlobalSection
	GlobalSection(ExtensibilityGlobals) = postSolution
		SolutionGuid = {2DF79AF8-FA0F-4F82-AC75-6BDFED3C2F6E}
	EndGlobalSection
EndGlobal
